{
  "name": "uwotoolt-trading-compagnion",
  "version": "0.3.0",
  "lockfileVersion": 3,
  "requires": true,
  "packages": {
    "": {
      "name": "uwotoolt-trading-compagnion",
      "version": "0.3.0",
      "devDependencies": {
        "electron": "^31.0.2",
        "electron-builder": "^24.13.3"
      }
    }
  }
}
